PODS:
  - CPAutoLayout (0.8.0):
    - Masonry
  - Masonry (0.6.2)

DEPENDENCIES:
  - CPAutoLayout (from `../`)
  - Masonry

EXTERNAL SOURCES:
  CPAutoLayout:
    :path: "../"

SPEC CHECKSUMS:
  CPAutoLayout: 5fce49e05273d6e54efafa6ebcce701c3ebed26c
  Masonry: 362e8a1cc0beada4a4c4832d5e863da2a51533be

COCOAPODS: 0.37.2
