// !$*UTF8*$!
{
	archiveVersion = 1;
	classes = {
	};
	objectVersion = 46;
	objects = {

/* Begin PBXBuildFile section */
		6003F58E195388D20070C39A /* Foundation.framework in Frameworks */ = {isa = PBXBuildFile; fileRef = 6003F58D195388D20070C39A /* Foundation.framework */; };
		6003F590195388D20070C39A /* CoreGraphics.framework in Frameworks */ = {isa = PBXBuildFile; fileRef = 6003F58F195388D20070C39A /* CoreGraphics.framework */; };
		6003F592195388D20070C39A /* UIKit.framework in Frameworks */ = {isa = PBXBuildFile; fileRef = 6003F591195388D20070C39A /* UIKit.framework */; };
		6003F598195388D20070C39A /* InfoPlist.strings in Resources */ = {isa = PBXBuildFile; fileRef = 6003F596195388D20070C39A /* InfoPlist.strings */; };
		6003F59A195388D20070C39A /* main.m in Sources */ = {isa = PBXBuildFile; fileRef = 6003F599195388D20070C39A /* main.m */; };
		6003F59E195388D20070C39A /* CPAppDelegate.m in Sources */ = {isa = PBXBuildFile; fileRef = 6003F59D195388D20070C39A /* CPAppDelegate.m */; };
		6003F5A7195388D20070C39A /* CPViewController.m in Sources */ = {isa = PBXBuildFile; fileRef = 6003F5A6195388D20070C39A /* CPViewController.m */; };
		6003F5A9195388D20070C39A /* Images.xcassets in Resources */ = {isa = PBXBuildFile; fileRef = 6003F5A8195388D20070C39A /* Images.xcassets */; };
		6003F5B0195388D20070C39A /* XCTest.framework in Frameworks */ = {isa = PBXBuildFile; fileRef = 6003F5AF195388D20070C39A /* XCTest.framework */; };
		6003F5B1195388D20070C39A /* Foundation.framework in Frameworks */ = {isa = PBXBuildFile; fileRef = 6003F58D195388D20070C39A /* Foundation.framework */; };
		6003F5B2195388D20070C39A /* UIKit.framework in Frameworks */ = {isa = PBXBuildFile; fileRef = 6003F591195388D20070C39A /* UIKit.framework */; };
		6003F5BA195388D20070C39A /* InfoPlist.strings in Resources */ = {isa = PBXBuildFile; fileRef = 6003F5B8195388D20070C39A /* InfoPlist.strings */; };
		6003F5BC195388D20070C39A /* Tests.m in Sources */ = {isa = PBXBuildFile; fileRef = 6003F5BB195388D20070C39A /* Tests.m */; };
		682451F7A130FE9E613F4765 /* CP_Step1_PositionViewController.m in Sources */ = {isa = PBXBuildFile; fileRef = 682456FF9CF21280B88AF07E /* CP_Step1_PositionViewController.m */; };
		68245334092F13F736EBD4E2 /* CP_Step4_FixedSizeViewController.m in Sources */ = {isa = PBXBuildFile; fileRef = 682459528A8EA909D49A32DF /* CP_Step4_FixedSizeViewController.m */; };
		682454985C5DDDB23D1FD98D /* CP_Step3_PositionAdvancedViewController.m in Sources */ = {isa = PBXBuildFile; fileRef = 68245A26544DB524D5F4D05A /* CP_Step3_PositionAdvancedViewController.m */; };
		6824564BFB6F3B42947C2C29 /* CP_Step6_AspectRatioViewController.m in Sources */ = {isa = PBXBuildFile; fileRef = 682456F767C95208C4BCE8D7 /* CP_Step6_AspectRatioViewController.m */; };
		68245A17944BC36C59459B33 /* CP_Step2_AlignmentViewController.m in Sources */ = {isa = PBXBuildFile; fileRef = 682456BFC2385003130C2EBD /* CP_Step2_AlignmentViewController.m */; };
		68245CD49C5057B62B061D89 /* UIColor+CPView.m in Sources */ = {isa = PBXBuildFile; fileRef = 68245BC04EB45B68BC1AB800 /* UIColor+CPView.m */; };
		68245FE5502AAC31062A44ED /* CP_Step5_RelativeSizeViewController.m in Sources */ = {isa = PBXBuildFile; fileRef = 68245AA371E5329FE8D45240 /* CP_Step5_RelativeSizeViewController.m */; };
		F623637FD6342926C4BF437A /* libPods-Tests.a in Frameworks */ = {isa = PBXBuildFile; fileRef = F90D5EC0542DDD0850FEB3C9 /* libPods-Tests.a */; };
		FB2B0F7A24EB937C36E5AAFA /* libPods-CPAutoLayout.a in Frameworks */ = {isa = PBXBuildFile; fileRef = CE0FB457F663F077ED3864C2 /* libPods-CPAutoLayout.a */; };
		FE193E041A18F0A300940CAD /* LaunchScreen.xib in Resources */ = {isa = PBXBuildFile; fileRef = FE193E031A18F0A300940CAD /* LaunchScreen.xib */; };
/* End PBXBuildFile section */

/* Begin PBXContainerItemProxy section */
		6003F5B3195388D20070C39A /* PBXContainerItemProxy */ = {
			isa = PBXContainerItemProxy;
			containerPortal = 6003F582195388D10070C39A /* Project object */;
			proxyType = 1;
			remoteGlobalIDString = 6003F589195388D20070C39A;
			remoteInfo = CPAutoLayout;
		};
/* End PBXContainerItemProxy section */

/* Begin PBXFileReference section */
		0502D84587852A28A57182C2 /* CPAutoLayout.podspec */ = {isa = PBXFileReference; includeInIndex = 1; lastKnownFileType = text; name = CPAutoLayout.podspec; path = ../CPAutoLayout.podspec; sourceTree = "<group>"; };
		07779309475F3CB1837B89FF /* Pods-Tests.debug.xcconfig */ = {isa = PBXFileReference; includeInIndex = 1; lastKnownFileType = text.xcconfig; name = "Pods-Tests.debug.xcconfig"; path = "Pods/Target Support Files/Pods-Tests/Pods-Tests.debug.xcconfig"; sourceTree = "<group>"; };
		2BC3CCCDE35B98EEAFF0B358 /* Pods-CPAutoLayout.release.xcconfig */ = {isa = PBXFileReference; includeInIndex = 1; lastKnownFileType = text.xcconfig; name = "Pods-CPAutoLayout.release.xcconfig"; path = "Pods/Target Support Files/Pods-CPAutoLayout/Pods-CPAutoLayout.release.xcconfig"; sourceTree = "<group>"; };
		6003F58A195388D20070C39A /* CPAutoLayout.app */ = {isa = PBXFileReference; explicitFileType = wrapper.application; includeInIndex = 0; path = CPAutoLayout.app; sourceTree = BUILT_PRODUCTS_DIR; };
		6003F58D195388D20070C39A /* Foundation.framework */ = {isa = PBXFileReference; lastKnownFileType = wrapper.framework; name = Foundation.framework; path = System/Library/Frameworks/Foundation.framework; sourceTree = SDKROOT; };
		6003F58F195388D20070C39A /* CoreGraphics.framework */ = {isa = PBXFileReference; lastKnownFileType = wrapper.framework; name = CoreGraphics.framework; path = System/Library/Frameworks/CoreGraphics.framework; sourceTree = SDKROOT; };
		6003F591195388D20070C39A /* UIKit.framework */ = {isa = PBXFileReference; lastKnownFileType = wrapper.framework; name = UIKit.framework; path = System/Library/Frameworks/UIKit.framework; sourceTree = SDKROOT; };
		6003F595195388D20070C39A /* CPAutoLayout-Info.plist */ = {isa = PBXFileReference; lastKnownFileType = text.plist.xml; path = "CPAutoLayout-Info.plist"; sourceTree = "<group>"; };
		6003F597195388D20070C39A /* en */ = {isa = PBXFileReference; lastKnownFileType = text.plist.strings; name = en; path = en.lproj/InfoPlist.strings; sourceTree = "<group>"; };
		6003F599195388D20070C39A /* main.m */ = {isa = PBXFileReference; lastKnownFileType = sourcecode.c.objc; path = main.m; sourceTree = "<group>"; };
		6003F59B195388D20070C39A /* CPAutoLayout-Prefix.pch */ = {isa = PBXFileReference; lastKnownFileType = sourcecode.c.h; path = "CPAutoLayout-Prefix.pch"; sourceTree = "<group>"; };
		6003F59C195388D20070C39A /* CPAppDelegate.h */ = {isa = PBXFileReference; lastKnownFileType = sourcecode.c.h; path = CPAppDelegate.h; sourceTree = "<group>"; };
		6003F59D195388D20070C39A /* CPAppDelegate.m */ = {isa = PBXFileReference; lastKnownFileType = sourcecode.c.objc; path = CPAppDelegate.m; sourceTree = "<group>"; };
		6003F5A5195388D20070C39A /* CPViewController.h */ = {isa = PBXFileReference; lastKnownFileType = sourcecode.c.h; path = CPViewController.h; sourceTree = "<group>"; };
		6003F5A6195388D20070C39A /* CPViewController.m */ = {isa = PBXFileReference; lastKnownFileType = sourcecode.c.objc; path = CPViewController.m; sourceTree = "<group>"; };
		6003F5A8195388D20070C39A /* Images.xcassets */ = {isa = PBXFileReference; lastKnownFileType = folder.assetcatalog; path = Images.xcassets; sourceTree = "<group>"; };
		6003F5AE195388D20070C39A /* Tests.xctest */ = {isa = PBXFileReference; explicitFileType = wrapper.cfbundle; includeInIndex = 0; path = Tests.xctest; sourceTree = BUILT_PRODUCTS_DIR; };
		6003F5AF195388D20070C39A /* XCTest.framework */ = {isa = PBXFileReference; lastKnownFileType = wrapper.framework; name = XCTest.framework; path = Library/Frameworks/XCTest.framework; sourceTree = DEVELOPER_DIR; };
		6003F5B7195388D20070C39A /* Tests-Info.plist */ = {isa = PBXFileReference; lastKnownFileType = text.plist.xml; path = "Tests-Info.plist"; sourceTree = "<group>"; };
		6003F5B9195388D20070C39A /* en */ = {isa = PBXFileReference; lastKnownFileType = text.plist.strings; name = en; path = en.lproj/InfoPlist.strings; sourceTree = "<group>"; };
		6003F5BB195388D20070C39A /* Tests.m */ = {isa = PBXFileReference; lastKnownFileType = sourcecode.c.objc; path = Tests.m; sourceTree = "<group>"; };
		606FC2411953D9B200FFA9A0 /* Tests-Prefix.pch */ = {isa = PBXFileReference; lastKnownFileType = sourcecode.c.h; path = "Tests-Prefix.pch"; sourceTree = "<group>"; };
		682451C9A00412B94FA5B308 /* CP_Step4_FixedSizeViewController.h */ = {isa = PBXFileReference; fileEncoding = 4; lastKnownFileType = sourcecode.c.h; path = CP_Step4_FixedSizeViewController.h; sourceTree = "<group>"; };
		6824536B996D99131A7335D3 /* CP_Step1_PositionViewController.h */ = {isa = PBXFileReference; fileEncoding = 4; lastKnownFileType = sourcecode.c.h; path = CP_Step1_PositionViewController.h; sourceTree = "<group>"; };
		682456BFC2385003130C2EBD /* CP_Step2_AlignmentViewController.m */ = {isa = PBXFileReference; fileEncoding = 4; lastKnownFileType = sourcecode.c.objc; path = CP_Step2_AlignmentViewController.m; sourceTree = "<group>"; };
		682456F767C95208C4BCE8D7 /* CP_Step6_AspectRatioViewController.m */ = {isa = PBXFileReference; fileEncoding = 4; lastKnownFileType = sourcecode.c.objc; path = CP_Step6_AspectRatioViewController.m; sourceTree = "<group>"; };
		682456FF9CF21280B88AF07E /* CP_Step1_PositionViewController.m */ = {isa = PBXFileReference; fileEncoding = 4; lastKnownFileType = sourcecode.c.objc; path = CP_Step1_PositionViewController.m; sourceTree = "<group>"; };
		682457041864765FB3316B2B /* CP_Step3_PositionAdvancedViewController.h */ = {isa = PBXFileReference; fileEncoding = 4; lastKnownFileType = sourcecode.c.h; path = CP_Step3_PositionAdvancedViewController.h; sourceTree = "<group>"; };
		682459528A8EA909D49A32DF /* CP_Step4_FixedSizeViewController.m */ = {isa = PBXFileReference; fileEncoding = 4; lastKnownFileType = sourcecode.c.objc; path = CP_Step4_FixedSizeViewController.m; sourceTree = "<group>"; };
		68245A26544DB524D5F4D05A /* CP_Step3_PositionAdvancedViewController.m */ = {isa = PBXFileReference; fileEncoding = 4; lastKnownFileType = sourcecode.c.objc; path = CP_Step3_PositionAdvancedViewController.m; sourceTree = "<group>"; };
		68245AA371E5329FE8D45240 /* CP_Step5_RelativeSizeViewController.m */ = {isa = PBXFileReference; fileEncoding = 4; lastKnownFileType = sourcecode.c.objc; path = CP_Step5_RelativeSizeViewController.m; sourceTree = "<group>"; };
		68245BC04EB45B68BC1AB800 /* UIColor+CPView.m */ = {isa = PBXFileReference; fileEncoding = 4; lastKnownFileType = sourcecode.c.objc; path = "UIColor+CPView.m"; sourceTree = "<group>"; };
		68245BC82C14D0E64A72050C /* UIColor+CPView.h */ = {isa = PBXFileReference; fileEncoding = 4; lastKnownFileType = sourcecode.c.h; path = "UIColor+CPView.h"; sourceTree = "<group>"; };
		68245C607A8E7411E7A67903 /* CP_Step2_AlignmentViewController.h */ = {isa = PBXFileReference; fileEncoding = 4; lastKnownFileType = sourcecode.c.h; path = CP_Step2_AlignmentViewController.h; sourceTree = "<group>"; };
		68245DB854DAA1EF70D80138 /* CP_Step5_RelativeSizeViewController.h */ = {isa = PBXFileReference; fileEncoding = 4; lastKnownFileType = sourcecode.c.h; path = CP_Step5_RelativeSizeViewController.h; sourceTree = "<group>"; };
		68245FAECD7FEEB137047E2E /* CP_Step6_AspectRatioViewController.h */ = {isa = PBXFileReference; fileEncoding = 4; lastKnownFileType = sourcecode.c.h; path = CP_Step6_AspectRatioViewController.h; sourceTree = "<group>"; };
		87399D6A53B815B4ECF911C1 /* Pods-Tests.release.xcconfig */ = {isa = PBXFileReference; includeInIndex = 1; lastKnownFileType = text.xcconfig; name = "Pods-Tests.release.xcconfig"; path = "Pods/Target Support Files/Pods-Tests/Pods-Tests.release.xcconfig"; sourceTree = "<group>"; };
		A1B8C8C3E427E9EFD4235228 /* LICENSE */ = {isa = PBXFileReference; includeInIndex = 1; lastKnownFileType = text; name = LICENSE; path = ../LICENSE; sourceTree = "<group>"; };
		B4B98E8363C00056CDFB5892 /* Pods-CPAutoLayout.debug.xcconfig */ = {isa = PBXFileReference; includeInIndex = 1; lastKnownFileType = text.xcconfig; name = "Pods-CPAutoLayout.debug.xcconfig"; path = "Pods/Target Support Files/Pods-CPAutoLayout/Pods-CPAutoLayout.debug.xcconfig"; sourceTree = "<group>"; };
		BFF59428BDCA80A7317829ED /* README.md */ = {isa = PBXFileReference; includeInIndex = 1; lastKnownFileType = net.daringfireball.markdown; name = README.md; path = ../README.md; sourceTree = "<group>"; };
		CE0FB457F663F077ED3864C2 /* libPods-CPAutoLayout.a */ = {isa = PBXFileReference; explicitFileType = archive.ar; includeInIndex = 0; path = "libPods-CPAutoLayout.a"; sourceTree = BUILT_PRODUCTS_DIR; };
		F90D5EC0542DDD0850FEB3C9 /* libPods-Tests.a */ = {isa = PBXFileReference; explicitFileType = archive.ar; includeInIndex = 0; path = "libPods-Tests.a"; sourceTree = BUILT_PRODUCTS_DIR; };
		FE193E031A18F0A300940CAD /* LaunchScreen.xib */ = {isa = PBXFileReference; fileEncoding = 4; lastKnownFileType = file.xib; path = LaunchScreen.xib; sourceTree = "<group>"; };
/* End PBXFileReference section */

/* Begin PBXFrameworksBuildPhase section */
		6003F587195388D20070C39A /* Frameworks */ = {
			isa = PBXFrameworksBuildPhase;
			buildActionMask = 2147483647;
			files = (
				6003F590195388D20070C39A /* CoreGraphics.framework in Frameworks */,
				6003F592195388D20070C39A /* UIKit.framework in Frameworks */,
				6003F58E195388D20070C39A /* Foundation.framework in Frameworks */,
				FB2B0F7A24EB937C36E5AAFA /* libPods-CPAutoLayout.a in Frameworks */,
			);
			runOnlyForDeploymentPostprocessing = 0;
		};
		6003F5AB195388D20070C39A /* Frameworks */ = {
			isa = PBXFrameworksBuildPhase;
			buildActionMask = 2147483647;
			files = (
				6003F5B0195388D20070C39A /* XCTest.framework in Frameworks */,
				6003F5B2195388D20070C39A /* UIKit.framework in Frameworks */,
				6003F5B1195388D20070C39A /* Foundation.framework in Frameworks */,
				F623637FD6342926C4BF437A /* libPods-Tests.a in Frameworks */,
			);
			runOnlyForDeploymentPostprocessing = 0;
		};
/* End PBXFrameworksBuildPhase section */

/* Begin PBXGroup section */
		6003F581195388D10070C39A = {
			isa = PBXGroup;
			children = (
				60FF7A9C1954A5C5007DD14C /* Podspec Metadata */,
				6003F593195388D20070C39A /* CPAutoLayout */,
				6003F5B5195388D20070C39A /* Tests */,
				6003F58C195388D20070C39A /* Frameworks */,
				6003F58B195388D20070C39A /* Products */,
				AD26BCBC45A902C395AAC5D1 /* Pods */,
			);
			sourceTree = "<group>";
		};
		6003F58B195388D20070C39A /* Products */ = {
			isa = PBXGroup;
			children = (
				6003F58A195388D20070C39A /* CPAutoLayout.app */,
				6003F5AE195388D20070C39A /* Tests.xctest */,
			);
			name = Products;
			sourceTree = "<group>";
		};
		6003F58C195388D20070C39A /* Frameworks */ = {
			isa = PBXGroup;
			children = (
				6003F58D195388D20070C39A /* Foundation.framework */,
				6003F58F195388D20070C39A /* CoreGraphics.framework */,
				6003F591195388D20070C39A /* UIKit.framework */,
				6003F5AF195388D20070C39A /* XCTest.framework */,
				CE0FB457F663F077ED3864C2 /* libPods-CPAutoLayout.a */,
				F90D5EC0542DDD0850FEB3C9 /* libPods-Tests.a */,
			);
			name = Frameworks;
			sourceTree = "<group>";
		};
		6003F593195388D20070C39A /* CPAutoLayout */ = {
			isa = PBXGroup;
			children = (
				6003F59C195388D20070C39A /* CPAppDelegate.h */,
				6003F59D195388D20070C39A /* CPAppDelegate.m */,
				6003F5A5195388D20070C39A /* CPViewController.h */,
				6003F5A6195388D20070C39A /* CPViewController.m */,
				FE193E031A18F0A300940CAD /* LaunchScreen.xib */,
				6003F5A8195388D20070C39A /* Images.xcassets */,
				6003F594195388D20070C39A /* Supporting Files */,
				682456FF9CF21280B88AF07E /* CP_Step1_PositionViewController.m */,
				6824536B996D99131A7335D3 /* CP_Step1_PositionViewController.h */,
				68245BC04EB45B68BC1AB800 /* UIColor+CPView.m */,
				68245BC82C14D0E64A72050C /* UIColor+CPView.h */,
				68245C607A8E7411E7A67903 /* CP_Step2_AlignmentViewController.h */,
				682456BFC2385003130C2EBD /* CP_Step2_AlignmentViewController.m */,
				682457041864765FB3316B2B /* CP_Step3_PositionAdvancedViewController.h */,
				68245A26544DB524D5F4D05A /* CP_Step3_PositionAdvancedViewController.m */,
				682459528A8EA909D49A32DF /* CP_Step4_FixedSizeViewController.m */,
				682451C9A00412B94FA5B308 /* CP_Step4_FixedSizeViewController.h */,
				68245AA371E5329FE8D45240 /* CP_Step5_RelativeSizeViewController.m */,
				68245DB854DAA1EF70D80138 /* CP_Step5_RelativeSizeViewController.h */,
				682456F767C95208C4BCE8D7 /* CP_Step6_AspectRatioViewController.m */,
				68245FAECD7FEEB137047E2E /* CP_Step6_AspectRatioViewController.h */,
			);
			path = CPAutoLayout;
			sourceTree = "<group>";
		};
		6003F594195388D20070C39A /* Supporting Files */ = {
			isa = PBXGroup;
			children = (
				6003F595195388D20070C39A /* CPAutoLayout-Info.plist */,
				6003F596195388D20070C39A /* InfoPlist.strings */,
				6003F599195388D20070C39A /* main.m */,
				6003F59B195388D20070C39A /* CPAutoLayout-Prefix.pch */,
			);
			name = "Supporting Files";
			sourceTree = "<group>";
		};
		6003F5B5195388D20070C39A /* Tests */ = {
			isa = PBXGroup;
			children = (
				6003F5BB195388D20070C39A /* Tests.m */,
				6003F5B6195388D20070C39A /* Supporting Files */,
			);
			path = Tests;
			sourceTree = "<group>";
		};
		6003F5B6195388D20070C39A /* Supporting Files */ = {
			isa = PBXGroup;
			children = (
				6003F5B7195388D20070C39A /* Tests-Info.plist */,
				6003F5B8195388D20070C39A /* InfoPlist.strings */,
				606FC2411953D9B200FFA9A0 /* Tests-Prefix.pch */,
			);
			name = "Supporting Files";
			sourceTree = "<group>";
		};
		60FF7A9C1954A5C5007DD14C /* Podspec Metadata */ = {
			isa = PBXGroup;
			children = (
				0502D84587852A28A57182C2 /* CPAutoLayout.podspec */,
				BFF59428BDCA80A7317829ED /* README.md */,
				A1B8C8C3E427E9EFD4235228 /* LICENSE */,
			);
			name = "Podspec Metadata";
			sourceTree = "<group>";
		};
		AD26BCBC45A902C395AAC5D1 /* Pods */ = {
			isa = PBXGroup;
			children = (
				B4B98E8363C00056CDFB5892 /* Pods-CPAutoLayout.debug.xcconfig */,
				2BC3CCCDE35B98EEAFF0B358 /* Pods-CPAutoLayout.release.xcconfig */,
				07779309475F3CB1837B89FF /* Pods-Tests.debug.xcconfig */,
				87399D6A53B815B4ECF911C1 /* Pods-Tests.release.xcconfig */,
			);
			name = Pods;
			sourceTree = "<group>";
		};
/* End PBXGroup section */

/* Begin PBXNativeTarget section */
		6003F589195388D20070C39A /* CPAutoLayout */ = {
			isa = PBXNativeTarget;
			buildConfigurationList = 6003F5BF195388D20070C39A /* Build configuration list for PBXNativeTarget "CPAutoLayout" */;
			buildPhases = (
				2F4A68E4D63E464F3725A165 /* Check Pods Manifest.lock */,
				6003F586195388D20070C39A /* Sources */,
				6003F587195388D20070C39A /* Frameworks */,
				6003F588195388D20070C39A /* Resources */,
				C10F05DFF05DB0C8327DFDDA /* Copy Pods Resources */,
			);
			buildRules = (
			);
			dependencies = (
			);
			name = CPAutoLayout;
			productName = CPAutoLayout;
			productReference = 6003F58A195388D20070C39A /* CPAutoLayout.app */;
			productType = "com.apple.product-type.application";
		};
		6003F5AD195388D20070C39A /* Tests */ = {
			isa = PBXNativeTarget;
			buildConfigurationList = 6003F5C2195388D20070C39A /* Build configuration list for PBXNativeTarget "Tests" */;
			buildPhases = (
				18F0540DF7B3500E6538AAF2 /* Check Pods Manifest.lock */,
				6003F5AA195388D20070C39A /* Sources */,
				6003F5AB195388D20070C39A /* Frameworks */,
				6003F5AC195388D20070C39A /* Resources */,
				5C1FE654EC77F5B4F8E7A52D /* Copy Pods Resources */,
			);
			buildRules = (
			);
			dependencies = (
				6003F5B4195388D20070C39A /* PBXTargetDependency */,
			);
			name = Tests;
			productName = CPAutoLayoutTests;
			productReference = 6003F5AE195388D20070C39A /* Tests.xctest */;
			productType = "com.apple.product-type.bundle.unit-test";
		};
/* End PBXNativeTarget section */

/* Begin PBXProject section */
		6003F582195388D10070C39A /* Project object */ = {
			isa = PBXProject;
			attributes = {
				CLASSPREFIX = CP;
				LastUpgradeCheck = 0510;
				ORGANIZATIONNAME = "Sung Ahn Kim";
				TargetAttributes = {
					6003F5AD195388D20070C39A = {
						TestTargetID = 6003F589195388D20070C39A;
					};
				};
			};
			buildConfigurationList = 6003F585195388D10070C39A /* Build configuration list for PBXProject "CPAutoLayout" */;
			compatibilityVersion = "Xcode 3.2";
			developmentRegion = English;
			hasScannedForEncodings = 0;
			knownRegions = (
				en,
				Base,
			);
			mainGroup = 6003F581195388D10070C39A;
			productRefGroup = 6003F58B195388D20070C39A /* Products */;
			projectDirPath = "";
			projectRoot = "";
			targets = (
				6003F589195388D20070C39A /* CPAutoLayout */,
				6003F5AD195388D20070C39A /* Tests */,
			);
		};
/* End PBXProject section */

/* Begin PBXResourcesBuildPhase section */
		6003F588195388D20070C39A /* Resources */ = {
			isa = PBXResourcesBuildPhase;
			buildActionMask = 2147483647;
			files = (
				6003F5A9195388D20070C39A /* Images.xcassets in Resources */,
				FE193E041A18F0A300940CAD /* LaunchScreen.xib in Resources */,
				6003F598195388D20070C39A /* InfoPlist.strings in Resources */,
			);
			runOnlyForDeploymentPostprocessing = 0;
		};
		6003F5AC195388D20070C39A /* Resources */ = {
			isa = PBXResourcesBuildPhase;
			buildActionMask = 2147483647;
			files = (
				6003F5BA195388D20070C39A /* InfoPlist.strings in Resources */,
			);
			runOnlyForDeploymentPostprocessing = 0;
		};
/* End PBXResourcesBuildPhase section */

/* Begin PBXShellScriptBuildPhase section */
		18F0540DF7B3500E6538AAF2 /* Check Pods Manifest.lock */ = {
			isa = PBXShellScriptBuildPhase;
			buildActionMask = 2147483647;
			files = (
			);
			inputPaths = (
			);
			name = "Check Pods Manifest.lock";
			outputPaths = (
			);
			runOnlyForDeploymentPostprocessing = 0;
			shellPath = /bin/sh;
			shellScript = "diff \"${PODS_ROOT}/../Podfile.lock\" \"${PODS_ROOT}/Manifest.lock\" > /dev/null\nif [[ $? != 0 ]] ; then\n    cat << EOM\nerror: The sandbox is not in sync with the Podfile.lock. Run 'pod install' or update your CocoaPods installation.\nEOM\n    exit 1\nfi\n";
			showEnvVarsInLog = 0;
		};
		2F4A68E4D63E464F3725A165 /* Check Pods Manifest.lock */ = {
			isa = PBXShellScriptBuildPhase;
			buildActionMask = 2147483647;
			files = (
			);
			inputPaths = (
			);
			name = "Check Pods Manifest.lock";
			outputPaths = (
			);
			runOnlyForDeploymentPostprocessing = 0;
			shellPath = /bin/sh;
			shellScript = "diff \"${PODS_ROOT}/../Podfile.lock\" \"${PODS_ROOT}/Manifest.lock\" > /dev/null\nif [[ $? != 0 ]] ; then\n    cat << EOM\nerror: The sandbox is not in sync with the Podfile.lock. Run 'pod install' or update your CocoaPods installation.\nEOM\n    exit 1\nfi\n";
			showEnvVarsInLog = 0;
		};
		5C1FE654EC77F5B4F8E7A52D /* Copy Pods Resources */ = {
			isa = PBXShellScriptBuildPhase;
			buildActionMask = 2147483647;
			files = (
			);
			inputPaths = (
			);
			name = "Copy Pods Resources";
			outputPaths = (
			);
			runOnlyForDeploymentPostprocessing = 0;
			shellPath = /bin/sh;
			shellScript = "\"${SRCROOT}/Pods/Target Support Files/Pods-Tests/Pods-Tests-resources.sh\"\n";
			showEnvVarsInLog = 0;
		};
		C10F05DFF05DB0C8327DFDDA /* Copy Pods Resources */ = {
			isa = PBXShellScriptBuildPhase;
			buildActionMask = 2147483647;
			files = (
			);
			inputPaths = (
			);
			name = "Copy Pods Resources";
			outputPaths = (
			);
			runOnlyForDeploymentPostprocessing = 0;
			shellPath = /bin/sh;
			shellScript = "\"${SRCROOT}/Pods/Target Support Files/Pods-CPAutoLayout/Pods-CPAutoLayout-resources.sh\"\n";
			showEnvVarsInLog = 0;
		};
/* End PBXShellScriptBuildPhase section */

/* Begin PBXSourcesBuildPhase section */
		6003F586195388D20070C39A /* Sources */ = {
			isa = PBXSourcesBuildPhase;
			buildActionMask = 2147483647;
			files = (
				6003F59E195388D20070C39A /* CPAppDelegate.m in Sources */,
				6003F5A7195388D20070C39A /* CPViewController.m in Sources */,
				6003F59A195388D20070C39A /* main.m in Sources */,
				682451F7A130FE9E613F4765 /* CP_Step1_PositionViewController.m in Sources */,
				68245CD49C5057B62B061D89 /* UIColor+CPView.m in Sources */,
				68245A17944BC36C59459B33 /* CP_Step2_AlignmentViewController.m in Sources */,
				682454985C5DDDB23D1FD98D /* CP_Step3_PositionAdvancedViewController.m in Sources */,
				68245334092F13F736EBD4E2 /* CP_Step4_FixedSizeViewController.m in Sources */,
				68245FE5502AAC31062A44ED /* CP_Step5_RelativeSizeViewController.m in Sources */,
				6824564BFB6F3B42947C2C29 /* CP_Step6_AspectRatioViewController.m in Sources */,
			);
			runOnlyForDeploymentPostprocessing = 0;
		};
		6003F5AA195388D20070C39A /* Sources */ = {
			isa = PBXSourcesBuildPhase;
			buildActionMask = 2147483647;
			files = (
				6003F5BC195388D20070C39A /* Tests.m in Sources */,
			);
			runOnlyForDeploymentPostprocessing = 0;
		};
/* End PBXSourcesBuildPhase section */

/* Begin PBXTargetDependency section */
		6003F5B4195388D20070C39A /* PBXTargetDependency */ = {
			isa = PBXTargetDependency;
			target = 6003F589195388D20070C39A /* CPAutoLayout */;
			targetProxy = 6003F5B3195388D20070C39A /* PBXContainerItemProxy */;
		};
/* End PBXTargetDependency section */

/* Begin PBXVariantGroup section */
		6003F596195388D20070C39A /* InfoPlist.strings */ = {
			isa = PBXVariantGroup;
			children = (
				6003F597195388D20070C39A /* en */,
			);
			name = InfoPlist.strings;
			sourceTree = "<group>";
		};
		6003F5B8195388D20070C39A /* InfoPlist.strings */ = {
			isa = PBXVariantGroup;
			children = (
				6003F5B9195388D20070C39A /* en */,
			);
			name = InfoPlist.strings;
			sourceTree = "<group>";
		};
/* End PBXVariantGroup section */

/* Begin XCBuildConfiguration section */
		6003F5BD195388D20070C39A /* Debug */ = {
			isa = XCBuildConfiguration;
			buildSettings = {
				ALWAYS_SEARCH_USER_PATHS = NO;
				CLANG_CXX_LANGUAGE_STANDARD = "gnu++0x";
				CLANG_CXX_LIBRARY = "libc++";
				CLANG_ENABLE_MODULES = YES;
				CLANG_ENABLE_OBJC_ARC = YES;
				CLANG_WARN_BOOL_CONVERSION = YES;
				CLANG_WARN_CONSTANT_CONVERSION = YES;
				CLANG_WARN_DIRECT_OBJC_ISA_USAGE = YES_ERROR;
				CLANG_WARN_EMPTY_BODY = YES;
				CLANG_WARN_ENUM_CONVERSION = YES;
				CLANG_WARN_INT_CONVERSION = YES;
				CLANG_WARN_OBJC_ROOT_CLASS = YES_ERROR;
				CLANG_WARN__DUPLICATE_METHOD_MATCH = YES;
				"CODE_SIGN_IDENTITY[sdk=iphoneos*]" = "iPhone Developer";
				COPY_PHASE_STRIP = NO;
				GCC_C_LANGUAGE_STANDARD = gnu99;
				GCC_DYNAMIC_NO_PIC = NO;
				GCC_OPTIMIZATION_LEVEL = 0;
				GCC_PREPROCESSOR_DEFINITIONS = (
					"DEBUG=1",
					"$(inherited)",
				);
				GCC_SYMBOLS_PRIVATE_EXTERN = NO;
				GCC_WARN_64_TO_32_BIT_CONVERSION = YES;
				GCC_WARN_ABOUT_RETURN_TYPE = YES_ERROR;
				GCC_WARN_UNDECLARED_SELECTOR = YES;
				GCC_WARN_UNINITIALIZED_AUTOS = YES_AGGRESSIVE;
				GCC_WARN_UNUSED_FUNCTION = YES;
				GCC_WARN_UNUSED_VARIABLE = YES;
				IPHONEOS_DEPLOYMENT_TARGET = 6.0;
				ONLY_ACTIVE_ARCH = YES;
				SDKROOT = iphoneos;
				TARGETED_DEVICE_FAMILY = "1,2";
			};
			name = Debug;
		};
		6003F5BE195388D20070C39A /* Release */ = {
			isa = XCBuildConfiguration;
			buildSettings = {
				ALWAYS_SEARCH_USER_PATHS = NO;
				CLANG_CXX_LANGUAGE_STANDARD = "gnu++0x";
				CLANG_CXX_LIBRARY = "libc++";
				CLANG_ENABLE_MODULES = YES;
				CLANG_ENABLE_OBJC_ARC = YES;
				CLANG_WARN_BOOL_CONVERSION = YES;
				CLANG_WARN_CONSTANT_CONVERSION = YES;
				CLANG_WARN_DIRECT_OBJC_ISA_USAGE = YES_ERROR;
				CLANG_WARN_EMPTY_BODY = YES;
				CLANG_WARN_ENUM_CONVERSION = YES;
				CLANG_WARN_INT_CONVERSION = YES;
				CLANG_WARN_OBJC_ROOT_CLASS = YES_ERROR;
				CLANG_WARN__DUPLICATE_METHOD_MATCH = YES;
				"CODE_SIGN_IDENTITY[sdk=iphoneos*]" = "iPhone Developer";
				COPY_PHASE_STRIP = YES;
				ENABLE_NS_ASSERTIONS = NO;
				GCC_C_LANGUAGE_STANDARD = gnu99;
				GCC_WARN_64_TO_32_BIT_CONVERSION = YES;
				GCC_WARN_ABOUT_RETURN_TYPE = YES_ERROR;
				GCC_WARN_UNDECLARED_SELECTOR = YES;
				GCC_WARN_UNINITIALIZED_AUTOS = YES_AGGRESSIVE;
				GCC_WARN_UNUSED_FUNCTION = YES;
				GCC_WARN_UNUSED_VARIABLE = YES;
				IPHONEOS_DEPLOYMENT_TARGET = 6.0;
				SDKROOT = iphoneos;
				TARGETED_DEVICE_FAMILY = "1,2";
				VALIDATE_PRODUCT = YES;
			};
			name = Release;
		};
		6003F5C0195388D20070C39A /* Debug */ = {
			isa = XCBuildConfiguration;
			baseConfigurationReference = B4B98E8363C00056CDFB5892 /* Pods-CPAutoLayout.debug.xcconfig */;
			buildSettings = {
				ASSETCATALOG_COMPILER_APPICON_NAME = AppIcon;
				ASSETCATALOG_COMPILER_LAUNCHIMAGE_NAME = LaunchImage;
				GCC_PRECOMPILE_PREFIX_HEADER = YES;
				GCC_PREFIX_HEADER = "CPAutoLayout/CPAutoLayout-Prefix.pch";
				INFOPLIST_FILE = "CPAutoLayout/CPAutoLayout-Info.plist";
				PRODUCT_NAME = "$(TARGET_NAME)";
				USER_HEADER_SEARCH_PATHS = "\"${PROJECT_DIR}/Pods\"/**";
				WRAPPER_EXTENSION = app;
			};
			name = Debug;
		};
		6003F5C1195388D20070C39A /* Release */ = {
			isa = XCBuildConfiguration;
			baseConfigurationReference = 2BC3CCCDE35B98EEAFF0B358 /* Pods-CPAutoLayout.release.xcconfig */;
			buildSettings = {
				ASSETCATALOG_COMPILER_APPICON_NAME = AppIcon;
				ASSETCATALOG_COMPILER_LAUNCHIMAGE_NAME = LaunchImage;
				GCC_PRECOMPILE_PREFIX_HEADER = YES;
				GCC_PREFIX_HEADER = "CPAutoLayout/CPAutoLayout-Prefix.pch";
				INFOPLIST_FILE = "CPAutoLayout/CPAutoLayout-Info.plist";
				PRODUCT_NAME = "$(TARGET_NAME)";
				USER_HEADER_SEARCH_PATHS = "\"${PROJECT_DIR}/Pods\"/**";
				WRAPPER_EXTENSION = app;
			};
			name = Release;
		};
		6003F5C3195388D20070C39A /* Debug */ = {
			isa = XCBuildConfiguration;
			baseConfigurationReference = 07779309475F3CB1837B89FF /* Pods-Tests.debug.xcconfig */;
			buildSettings = {
				BUNDLE_LOADER = "$(BUILT_PRODUCTS_DIR)/CPAutoLayout.app/CPAutoLayout";
				FRAMEWORK_SEARCH_PATHS = (
					"$(SDKROOT)/Developer/Library/Frameworks",
					"$(inherited)",
					"$(DEVELOPER_FRAMEWORKS_DIR)",
				);
				GCC_PRECOMPILE_PREFIX_HEADER = YES;
				GCC_PREFIX_HEADER = "Tests/Tests-Prefix.pch";
				GCC_PREPROCESSOR_DEFINITIONS = (
					"DEBUG=1",
					"$(inherited)",
				);
				INFOPLIST_FILE = "Tests/Tests-Info.plist";
				PRODUCT_NAME = "$(TARGET_NAME)";
				TEST_HOST = "$(BUNDLE_LOADER)";
				USER_HEADER_SEARCH_PATHS = "\"${PROJECT_DIR}/Pods\"/**";
				WRAPPER_EXTENSION = xctest;
			};
			name = Debug;
		};
		6003F5C4195388D20070C39A /* Release */ = {
			isa = XCBuildConfiguration;
			baseConfigurationReference = 87399D6A53B815B4ECF911C1 /* Pods-Tests.release.xcconfig */;
			buildSettings = {
				BUNDLE_LOADER = "$(BUILT_PRODUCTS_DIR)/CPAutoLayout.app/CPAutoLayout";
				FRAMEWORK_SEARCH_PATHS = (
					"$(SDKROOT)/Developer/Library/Frameworks",
					"$(inherited)",
					"$(DEVELOPER_FRAMEWORKS_DIR)",
				);
				GCC_PRECOMPILE_PREFIX_HEADER = YES;
				GCC_PREFIX_HEADER = "Tests/Tests-Prefix.pch";
				INFOPLIST_FILE = "Tests/Tests-Info.plist";
				PRODUCT_NAME = "$(TARGET_NAME)";
				TEST_HOST = "$(BUNDLE_LOADER)";
				USER_HEADER_SEARCH_PATHS = "\"${PROJECT_DIR}/Pods\"/**";
				WRAPPER_EXTENSION = xctest;
			};
			name = Release;
		};
/* End XCBuildConfiguration section */

/* Begin XCConfigurationList section */
		6003F585195388D10070C39A /* Build configuration list for PBXProject "CPAutoLayout" */ = {
			isa = XCConfigurationList;
			buildConfigurations = (
				6003F5BD195388D20070C39A /* Debug */,
				6003F5BE195388D20070C39A /* Release */,
			);
			defaultConfigurationIsVisible = 0;
			defaultConfigurationName = Release;
		};
		6003F5BF195388D20070C39A /* Build configuration list for PBXNativeTarget "CPAutoLayout" */ = {
			isa = XCConfigurationList;
			buildConfigurations = (
				6003F5C0195388D20070C39A /* Debug */,
				6003F5C1195388D20070C39A /* Release */,
			);
			defaultConfigurationIsVisible = 0;
			defaultConfigurationName = Release;
		};
		6003F5C2195388D20070C39A /* Build configuration list for PBXNativeTarget "Tests" */ = {
			isa = XCConfigurationList;
			buildConfigurations = (
				6003F5C3195388D20070C39A /* Debug */,
				6003F5C4195388D20070C39A /* Release */,
			);
			defaultConfigurationIsVisible = 0;
			defaultConfigurationName = Release;
		};
/* End XCConfigurationList section */
	};
	rootObject = 6003F582195388D10070C39A /* Project object */;
}
